// !$*UTF8*$!
{
	archiveVersion = 1;
	classes = {
	};
	objectVersion = 50;
	objects = {

/* Begin PBXBuildFile section */
		051F8822A089A971D4C9273C /* Pods_ParstagramUITests.framework in Frameworks */ = {isa = PBXBuildFile; fileRef = 510A39C372B7B24786B581C5 /* Pods_ParstagramUITests.framework */; };
		22738F9494F9273FC223D97D /* Pods_ParstagramTests.framework in Frameworks */ = {isa = PBXBuildFile; fileRef = B4EA3A9531CDC17AC9C8CCB4 /* Pods_ParstagramTests.framework */; };
		814E5F2F18706F1D7FDCD8AB /* Pods_Parstagram.framework in Frameworks */ = {isa = PBXBuildFile; fileRef = D4E2C0EFA49E453BDD8CA9FB /* Pods_Parstagram.framework */; };
		8E2DAB5422515A4800AB4D67 /* PostCell.swift in Sources */ = {isa = PBXBuildFile; fileRef = 8E2DAB5322515A4800AB4D67 /* PostCell.swift */; };
		8E66CD2B2236FB070097AF34 /* LoginViewController.swift in Sources */ = {isa = PBXBuildFile; fileRef = 8E66CD2A2236FB070097AF34 /* LoginViewController.swift */; };
		8E66CD2D2236FB250097AF34 /* FeedViewController.swift in Sources */ = {isa = PBXBuildFile; fileRef = 8E66CD2C2236FB250097AF34 /* FeedViewController.swift */; };
		8E66CD2F223718BF0097AF34 /* CameraViewController.swift in Sources */ = {isa = PBXBuildFile; fileRef = 8E66CD2E223718BF0097AF34 /* CameraViewController.swift */; };
		8E9CAA512236B2EB005F4690 /* AppDelegate.swift in Sources */ = {isa = PBXBuildFile; fileRef = 8E9CAA502236B2EB005F4690 /* AppDelegate.swift */; };
		8E9CAA532236B2EB005F4690 /* ViewController.swift in Sources */ = {isa = PBXBuildFile; fileRef = 8E9CAA522236B2EB005F4690 /* ViewController.swift */; };
		8E9CAA562236B2EB005F4690 /* Main.storyboard in Resources */ = {isa = PBXBuildFile; fileRef = 8E9CAA542236B2EB005F4690 /* Main.storyboard */; };
		8E9CAA582236B2EC005F4690 /* Assets.xcassets in Resources */ = {isa = PBXBuildFile; fileRef = 8E9CAA572236B2EC005F4690 /* Assets.xcassets */; };
		8E9CAA5B2236B2EC005F4690 /* LaunchScreen.storyboard in Resources */ = {isa = PBXBuildFile; fileRef = 8E9CAA592236B2EC005F4690 /* LaunchScreen.storyboard */; };
		8E9CAA662236B2ED005F4690 /* ParstagramTests.swift in Sources */ = {isa = PBXBuildFile; fileRef = 8E9CAA652236B2ED005F4690 /* ParstagramTests.swift */; };
		8E9CAA712236B2ED005F4690 /* ParstagramUITests.swift in Sources */ = {isa = PBXBuildFile; fileRef = 8E9CAA702236B2ED005F4690 /* ParstagramUITests.swift */; };
/* End PBXBuildFile section */

/* Begin PBXContainerItemProxy section */
		8E9CAA622236B2ED005F4690 /* PBXContainerItemProxy */ = {
			isa = PBXContainerItemProxy;
			containerPortal = 8E9CAA452236B2EB005F4690 /* Project object */;
			proxyType = 1;
			remoteGlobalIDString = 8E9CAA4C2236B2EB005F4690;
			remoteInfo = Parstagram;
		};
		8E9CAA6D2236B2ED005F4690 /* PBXContainerItemProxy */ = {
			isa = PBXContainerItemProxy;
			containerPortal = 8E9CAA452236B2EB005F4690 /* Project object */;
			proxyType = 1;
			remoteGlobalIDString = 8E9CAA4C2236B2EB005F4690;
			remoteInfo = Parstagram;
		};
/* End PBXContainerItemProxy section */

/* Begin PBXFileReference section */
		2ECF9D5C171DB0E2929697E7 /* Pods-ParstagramUITests.release.xcconfig */ = {isa = PBXFileReference; includeInIndex = 1; lastKnownFileType = text.xcconfig; name = "Pods-ParstagramUITests.release.xcconfig"; path = "Target Support Files/Pods-ParstagramUITests/Pods-ParstagramUITests.release.xcconfig"; sourceTree = "<group>"; };
		4CE75DD61C29A8B07AA6E35D /* Pods-Parstagram.debug.xcconfig */ = {isa = PBXFileReference; includeInIndex = 1; lastKnownFileType = text.xcconfig; name = "Pods-Parstagram.debug.xcconfig"; path = "Target Support Files/Pods-Parstagram/Pods-Parstagram.debug.xcconfig"; sourceTree = "<group>"; };
		510A39C372B7B24786B581C5 /* Pods_ParstagramUITests.framework */ = {isa = PBXFileReference; explicitFileType = wrapper.framework; includeInIndex = 0; path = Pods_ParstagramUITests.framework; sourceTree = BUILT_PRODUCTS_DIR; };
		60FDBDC40D9CF6C8B934CB68 /* Pods-ParstagramTests.release.xcconfig */ = {isa = PBXFileReference; includeInIndex = 1; lastKnownFileType = text.xcconfig; name = "Pods-ParstagramTests.release.xcconfig"; path = "Target Support Files/Pods-ParstagramTests/Pods-ParstagramTests.release.xcconfig"; sourceTree = "<group>"; };
		6666703FE6695B443B9C9D42 /* Pods-ParstagramTests.debug.xcconfig */ = {isa = PBXFileReference; includeInIndex = 1; lastKnownFileType = text.xcconfig; name = "Pods-ParstagramTests.debug.xcconfig"; path = "Target Support Files/Pods-ParstagramTests/Pods-ParstagramTests.debug.xcconfig"; sourceTree = "<group>"; };
		8E2DAB5322515A4800AB4D67 /* PostCell.swift */ = {isa = PBXFileReference; lastKnownFileType = sourcecode.swift; path = PostCell.swift; sourceTree = "<group>"; };
		8E66CD2A2236FB070097AF34 /* LoginViewController.swift */ = {isa = PBXFileReference; lastKnownFileType = sourcecode.swift; path = LoginViewController.swift; sourceTree = "<group>"; };
		8E66CD2C2236FB250097AF34 /* FeedViewController.swift */ = {isa = PBXFileReference; lastKnownFileType = sourcecode.swift; path = FeedViewController.swift; sourceTree = "<group>"; };
		8E66CD2E223718BF0097AF34 /* CameraViewController.swift */ = {isa = PBXFileReference; lastKnownFileType = sourcecode.swift; path = CameraViewController.swift; sourceTree = "<group>"; };
		8E9CAA4D2236B2EB005F4690 /* Parstagram.app */ = {isa = PBXFileReference; explicitFileType = wrapper.application; includeInIndex = 0; path = Parstagram.app; sourceTree = BUILT_PRODUCTS_DIR; };
		8E9CAA502236B2EB005F4690 /* AppDelegate.swift */ = {isa = PBXFileReference; lastKnownFileType = sourcecode.swift; path = AppDelegate.swift; sourceTree = "<group>"; };
		8E9CAA522236B2EB005F4690 /* ViewController.swift */ = {isa = PBXFileReference; lastKnownFileType = sourcecode.swift; path = ViewController.swift; sourceTree = "<group>"; };
		8E9CAA552236B2EB005F4690 /* Base */ = {isa = PBXFileReference; lastKnownFileType = file.storyboard; name = Base; path = Base.lproj/Main.storyboard; sourceTree = "<group>"; };
		8E9CAA572236B2EC005F4690 /* Assets.xcassets */ = {isa = PBXFileReference; lastKnownFileType = folder.assetcatalog; path = Assets.xcassets; sourceTree = "<group>"; };
		8E9CAA5A2236B2EC005F4690 /* Base */ = {isa = PBXFileReference; lastKnownFileType = file.storyboard; name = Base; path = Base.lproj/LaunchScreen.storyboard; sourceTree = "<group>"; };
		8E9CAA5C2236B2EC005F4690 /* Info.plist */ = {isa = PBXFileReference; lastKnownFileType = text.plist.xml; path = Info.plist; sourceTree = "<group>"; };
		8E9CAA612236B2ED005F4690 /* ParstagramTests.xctest */ = {isa = PBXFileReference; explicitFileType = wrapper.cfbundle; includeInIndex = 0; path = ParstagramTests.xctest; sourceTree = BUILT_PRODUCTS_DIR; };
		8E9CAA652236B2ED005F4690 /* ParstagramTests.swift */ = {isa = PBXFileReference; lastKnownFileType = sourcecode.swift; path = ParstagramTests.swift; sourceTree = "<group>"; };
		8E9CAA672236B2ED005F4690 /* Info.plist */ = {isa = PBXFileReference; lastKnownFileType = text.plist.xml; path = Info.plist; sourceTree = "<group>"; };
		8E9CAA6C2236B2ED005F4690 /* ParstagramUITests.xctest */ = {isa = PBXFileReference; explicitFileType = wrapper.cfbundle; includeInIndex = 0; path = ParstagramUITests.xctest; sourceTree = BUILT_PRODUCTS_DIR; };
		8E9CAA702236B2ED005F4690 /* ParstagramUITests.swift */ = {isa = PBXFileReference; lastKnownFileType = sourcecode.swift; path = ParstagramUITests.swift; sourceTree = "<group>"; };
		8E9CAA722236B2ED005F4690 /* Info.plist */ = {isa = PBXFileReference; lastKnownFileType = text.plist.xml; path = Info.plist; sourceTree = "<group>"; };
		AA732BD99176E4B8263C3CD7 /* Pods-ParstagramUITests.debug.xcconfig */ = {isa = PBXFileReference; includeInIndex = 1; lastKnownFileType = text.xcconfig; name = "Pods-ParstagramUITests.debug.xcconfig"; path = "Target Support Files/Pods-ParstagramUITests/Pods-ParstagramUITests.debug.xcconfig"; sourceTree = "<group>"; };
		B4EA3A9531CDC17AC9C8CCB4 /* Pods_ParstagramTests.framework */ = {isa = PBXFileReference; explicitFileType = wrapper.framework; includeInIndex = 0; path = Pods_ParstagramTests.framework; sourceTree = BUILT_PRODUCTS_DIR; };
		D4E2C0EFA49E453BDD8CA9FB /* Pods_Parstagram.framework */ = {isa = PBXFileReference; explicitFileType = wrapper.framework; includeInIndex = 0; path = Pods_Parstagram.framework; sourceTree = BUILT_PRODUCTS_DIR; };
		F0B08CFEE38958E5EBDC6AAD /* Pods-Parstagram.release.xcconfig */ = {isa = PBXFileReference; includeInIndex = 1; lastKnownFileType = text.xcconfig; name = "Pods-Parstagram.release.xcconfig"; path = "Target Support Files/Pods-Parstagram/Pods-Parstagram.release.xcconfig"; sourceTree = "<group>"; };
/* End PBXFileReference section */

/* Begin PBXFrameworksBuildPhase section */
		8E9CAA4A2236B2EB005F4690 /* Frameworks */ = {
			isa = PBXFrameworksBuildPhase;
			buildActionMask = 2147483647;
			files = (
				814E5F2F18706F1D7FDCD8AB /* Pods_Parstagram.framework in Frameworks */,
			);
			runOnlyForDeploymentPostprocessing = 0;
		};
		8E9CAA5E2236B2ED005F4690 /* Frameworks */ = {
			isa = PBXFrameworksBuildPhase;
			buildActionMask = 2147483647;
			files = (
				22738F9494F9273FC223D97D /* Pods_ParstagramTests.framework in Frameworks */,
			);
			runOnlyForDeploymentPostprocessing = 0;
		};
		8E9CAA692236B2ED005F4690 /* Frameworks */ = {
			isa = PBXFrameworksBuildPhase;
			buildActionMask = 2147483647;
			files = (
				051F8822A089A971D4C9273C /* Pods_ParstagramUITests.framework in Frameworks */,
			);
			runOnlyForDeploymentPostprocessing = 0;
		};
/* End PBXFrameworksBuildPhase section */

/* Begin PBXGroup section */
		7D0C9BAEB1ECED9E12C6335B /* Pods */ = {
			isa = PBXGroup;
			children = (
				4CE75DD61C29A8B07AA6E35D /* Pods-Parstagram.debug.xcconfig */,
				F0B08CFEE38958E5EBDC6AAD /* Pods-Parstagram.release.xcconfig */,
				6666703FE6695B443B9C9D42 /* Pods-ParstagramTests.debug.xcconfig */,
				60FDBDC40D9CF6C8B934CB68 /* Pods-ParstagramTests.release.xcconfig */,
				AA732BD99176E4B8263C3CD7 /* Pods-ParstagramUITests.debug.xcconfig */,
				2ECF9D5C171DB0E2929697E7 /* Pods-ParstagramUITests.release.xcconfig */,
			);
			path = Pods;
			sourceTree = "<group>";
		};
		8E9CAA442236B2EB005F4690 = {
			isa = PBXGroup;
			children = (
				8E9CAA4F2236B2EB005F4690 /* Parstagram */,
				8E9CAA642236B2ED005F4690 /* ParstagramTests */,
				8E9CAA6F2236B2ED005F4690 /* ParstagramUITests */,
				8E9CAA4E2236B2EB005F4690 /* Products */,
				7D0C9BAEB1ECED9E12C6335B /* Pods */,
				E39F0A573768290D67628025 /* Frameworks */,
			);
			sourceTree = "<group>";
		};
		8E9CAA4E2236B2EB005F4690 /* Products */ = {
			isa = PBXGroup;
			children = (
				8E9CAA4D2236B2EB005F4690 /* Parstagram.app */,
				8E9CAA612236B2ED005F4690 /* ParstagramTests.xctest */,
				8E9CAA6C2236B2ED005F4690 /* ParstagramUITests.xctest */,
			);
			name = Products;
			sourceTree = "<group>";
		};
		8E9CAA4F2236B2EB005F4690 /* Parstagram */ = {
			isa = PBXGroup;
			children = (
				8E9CAA502236B2EB005F4690 /* AppDelegate.swift */,
				8E9CAA522236B2EB005F4690 /* ViewController.swift */,
				8E9CAA542236B2EB005F4690 /* Main.storyboard */,
				8E9CAA572236B2EC005F4690 /* Assets.xcassets */,
				8E9CAA592236B2EC005F4690 /* LaunchScreen.storyboard */,
				8E9CAA5C2236B2EC005F4690 /* Info.plist */,
				8E66CD2A2236FB070097AF34 /* LoginViewController.swift */,
				8E66CD2C2236FB250097AF34 /* FeedViewController.swift */,
				8E66CD2E223718BF0097AF34 /* CameraViewController.swift */,
				8E2DAB5322515A4800AB4D67 /* PostCell.swift */,
			);
			path = Parstagram;
			sourceTree = "<group>";
		};
		8E9CAA642236B2ED005F4690 /* ParstagramTests */ = {
			isa = PBXGroup;
			children = (
				8E9CAA652236B2ED005F4690 /* ParstagramTests.swift */,
				8E9CAA672236B2ED005F4690 /* Info.plist */,
			);
			path = ParstagramTests;
			sourceTree = "<group>";
		};
		8E9CAA6F2236B2ED005F4690 /* ParstagramUITests */ = {
			isa = PBXGroup;
			children = (
				8E9CAA702236B2ED005F4690 /* ParstagramUITests.swift */,
				8E9CAA722236B2ED005F4690 /* Info.plist */,
			);
			path = ParstagramUITests;
			sourceTree = "<group>";
		};
		E39F0A573768290D67628025 /* Frameworks */ = {
			isa = PBXGroup;
			children = (
				D4E2C0EFA49E453BDD8CA9FB /* Pods_Parstagram.framework */,
				B4EA3A9531CDC17AC9C8CCB4 /* Pods_ParstagramTests.framework */,
				510A39C372B7B24786B581C5 /* Pods_ParstagramUITests.framework */,
			);
			name = Frameworks;
			sourceTree = "<group>";
		};
/* End PBXGroup section */

/* Begin PBXNativeTarget section */
		8E9CAA4C2236B2EB005F4690 /* Parstagram */ = {
			isa = PBXNativeTarget;
			buildConfigurationList = 8E9CAA752236B2ED005F4690 /* Build configuration list for PBXNativeTarget "Parstagram" */;
			buildPhases = (
				C48275CC0A532C87B955F921 /* [CP] Check Pods Manifest.lock */,
				8E9CAA492236B2EB005F4690 /* Sources */,
				8E9CAA4A2236B2EB005F4690 /* Frameworks */,
				8E9CAA4B2236B2EB005F4690 /* Resources */,
				9EA1B7F966D1AF3CDA9446C8 /* [CP] Embed Pods Frameworks */,
			);
			buildRules = (
			);
			dependencies = (
			);
			name = Parstagram;
			productName = Parstagram;
			productReference = 8E9CAA4D2236B2EB005F4690 /* Parstagram.app */;
			productType = "com.apple.product-type.application";
		};
		8E9CAA602236B2ED005F4690 /* ParstagramTests */ = {
			isa = PBXNativeTarget;
			buildConfigurationList = 8E9CAA782236B2ED005F4690 /* Build configuration list for PBXNativeTarget "ParstagramTests" */;
			buildPhases = (
				3C7B360842265F673D67E07F /* [CP] Check Pods Manifest.lock */,
				8E9CAA5D2236B2ED005F4690 /* Sources */,
				8E9CAA5E2236B2ED005F4690 /* Frameworks */,
				8E9CAA5F2236B2ED005F4690 /* Resources */,
			);
			buildRules = (
			);
			dependencies = (
				8E9CAA632236B2ED005F4690 /* PBXTargetDependency */,
			);
			name = ParstagramTests;
			productName = ParstagramTests;
			productReference = 8E9CAA612236B2ED005F4690 /* ParstagramTests.xctest */;
			productType = "com.apple.product-type.bundle.unit-test";
		};
		8E9CAA6B2236B2ED005F4690 /* ParstagramUITests */ = {
			isa = PBXNativeTarget;
			buildConfigurationList = 8E9CAA7B2236B2ED005F4690 /* Build configuration list for PBXNativeTarget "ParstagramUITests" */;
			buildPhases = (
				33A8946540DE1574042CAFF1 /* [CP] Check Pods Manifest.lock */,
				8E9CAA682236B2ED005F4690 /* Sources */,
				8E9CAA692236B2ED005F4690 /* Frameworks */,
				8E9CAA6A2236B2ED005F4690 /* Resources */,
			);
			buildRules = (
			);
			dependencies = (
				8E9CAA6E2236B2ED005F4690 /* PBXTargetDependency */,
			);
			name = ParstagramUITests;
			productName = ParstagramUITests;
			productReference = 8E9CAA6C2236B2ED005F4690 /* ParstagramUITests.xctest */;
			productType = "com.apple.product-type.bundle.ui-testing";
		};
/* End PBXNativeTarget section */

/* Begin PBXProject section */
		8E9CAA452236B2EB005F4690 /* Project object */ = {
			isa = PBXProject;
			attributes = {
				LastSwiftUpdateCheck = 1010;
				LastUpgradeCheck = 1010;
				ORGANIZATIONNAME = "Wiliam Kwon";
				TargetAttributes = {
					8E9CAA4C2236B2EB005F4690 = {
						CreatedOnToolsVersion = 10.1;
					};
					8E9CAA602236B2ED005F4690 = {
						CreatedOnToolsVersion = 10.1;
						TestTargetID = 8E9CAA4C2236B2EB005F4690;
					};
					8E9CAA6B2236B2ED005F4690 = {
						CreatedOnToolsVersion = 10.1;
						TestTargetID = 8E9CAA4C2236B2EB005F4690;
					};
				};
			};
			buildConfigurationList = 8E9CAA482236B2EB005F4690 /* Build configuration list for PBXProject "Parstagram" */;
			compatibilityVersion = "Xcode 9.3";
			developmentRegion = en;
			hasScannedForEncodings = 0;
			knownRegions = (
				en,
				Base,
			);
			mainGroup = 8E9CAA442236B2EB005F4690;
			productRefGroup = 8E9CAA4E2236B2EB005F4690 /* Products */;
			projectDirPath = "";
			projectRoot = "";
			targets = (
				8E9CAA4C2236B2EB005F4690 /* Parstagram */,
				8E9CAA602236B2ED005F4690 /* ParstagramTests */,
				8E9CAA6B2236B2ED005F4690 /* ParstagramUITests */,
			);
		};
/* End PBXProject section */

/* Begin PBXResourcesBuildPhase section */
		8E9CAA4B2236B2EB005F4690 /* Resources */ = {
			isa = PBXResourcesBuildPhase;
			buildActionMask = 2147483647;
			files = (
				8E9CAA5B2236B2EC005F4690 /* LaunchScreen.storyboard in Resources */,
				8E9CAA582236B2EC005F4690 /* Assets.xcassets in Resources */,
				8E9CAA562236B2EB005F4690 /* Main.storyboard in Resources */,
			);
			runOnlyForDeploymentPostprocessing = 0;
		};
		8E9CAA5F2236B2ED005F4690 /* Resources */ = {
			isa = PBXResourcesBuildPhase;
			buildActionMask = 2147483647;
			files = (
			);
			runOnlyForDeploymentPostprocessing = 0;
		};
		8E9CAA6A2236B2ED005F4690 /* Resources */ = {
			isa = PBXResourcesBuildPhase;
			buildActionMask = 2147483647;
			files = (
			);
			runOnlyForDeploymentPostprocessing = 0;
		};
/* End PBXResourcesBuildPhase section */

/* Begin PBXShellScriptBuildPhase section */
		33A8946540DE1574042CAFF1 /* [CP] Check Pods Manifest.lock */ = {
			isa = PBXShellScriptBuildPhase;
			buildActionMask = 2147483647;
			files = (
			);
			inputFileListPaths = (
			);
			inputPaths = (
				"${PODS_PODFILE_DIR_PATH}/Podfile.lock",
				"${PODS_ROOT}/Manifest.lock",
			);
			name = "[CP] Check Pods Manifest.lock";
			outputFileListPaths = (
			);
			outputPaths = (
				"$(DERIVED_FILE_DIR)/Pods-ParstagramUITests-checkManifestLockResult.txt",
			);
			runOnlyForDeploymentPostprocessing = 0;
			shellPath = /bin/sh;
			shellScript = "diff \"${PODS_PODFILE_DIR_PATH}/Podfile.lock\" \"${PODS_ROOT}/Manifest.lock\" > /dev/null\nif [ $? != 0 ] ; then\n    # print error to STDERR\n    echo \"error: The sandbox is not in sync with the Podfile.lock. Run 'pod install' or update your CocoaPods installation.\" >&2\n    exit 1\nfi\n# This output is used by Xcode 'outputs' to avoid re-running this script phase.\necho \"SUCCESS\" > \"${SCRIPT_OUTPUT_FILE_0}\"\n";
			showEnvVarsInLog = 0;
		};
		3C7B360842265F673D67E07F /* [CP] Check Pods Manifest.lock */ = {
			isa = PBXShellScriptBuildPhase;
			buildActionMask = 2147483647;
			files = (
			);
			inputFileListPaths = (
			);
			inputPaths = (
				"${PODS_PODFILE_DIR_PATH}/Podfile.lock",
				"${PODS_ROOT}/Manifest.lock",
			);
			name = "[CP] Check Pods Manifest.lock";
			outputFileListPaths = (
			);
			outputPaths = (
				"$(DERIVED_FILE_DIR)/Pods-ParstagramTests-checkManifestLockResult.txt",
			);
			runOnlyForDeploymentPostprocessing = 0;
			shellPath = /bin/sh;
			shellScript = "diff \"${PODS_PODFILE_DIR_PATH}/Podfile.lock\" \"${PODS_ROOT}/Manifest.lock\" > /dev/null\nif [ $? != 0 ] ; then\n    # print error to STDERR\n    echo \"error: The sandbox is not in sync with the Podfile.lock. Run 'pod install' or update your CocoaPods installation.\" >&2\n    exit 1\nfi\n# This output is used by Xcode 'outputs' to avoid re-running this script phase.\necho \"SUCCESS\" > \"${SCRIPT_OUTPUT_FILE_0}\"\n";
			showEnvVarsInLog = 0;
		};
		9EA1B7F966D1AF3CDA9446C8 /* [CP] Embed Pods Frameworks */ = {
			isa = PBXShellScriptBuildPhase;
			buildActionMask = 2147483647;
			files = (
			);
			inputFileListPaths = (
			);
			inputPaths = (
				"${PODS_ROOT}/Target Support Files/Pods-Parstagram/Pods-Parstagram-frameworks.sh",
				"${BUILT_PRODUCTS_DIR}/Alamofire/Alamofire.framework",
				"${BUILT_PRODUCTS_DIR}/AlamofireImage/AlamofireImage.framework",
				"${BUILT_PRODUCTS_DIR}/Bolts/Bolts.framework",
				"${BUILT_PRODUCTS_DIR}/Parse/Parse.framework",
			);
			name = "[CP] Embed Pods Frameworks";
			outputFileListPaths = (
			);
			outputPaths = (
				"${TARGET_BUILD_DIR}/${FRAMEWORKS_FOLDER_PATH}/Alamofire.framework",
				"${TARGET_BUILD_DIR}/${FRAMEWORKS_FOLDER_PATH}/AlamofireImage.framework",
				"${TARGET_BUILD_DIR}/${FRAMEWORKS_FOLDER_PATH}/Bolts.framework",
				"${TARGET_BUILD_DIR}/${FRAMEWORKS_FOLDER_PATH}/Parse.framework",
			);
			runOnlyForDeploymentPostprocessing = 0;
			shellPath = /bin/sh;
			shellScript = "\"${PODS_ROOT}/Target Support Files/Pods-Parstagram/Pods-Parstagram-frameworks.sh\"\n";
			showEnvVarsInLog = 0;
		};
		C48275CC0A532C87B955F921 /* [CP] Check Pods Manifest.lock */ = {
			isa = PBXShellScriptBuildPhase;
			buildActionMask = 2147483647;
			files = (
			);
			inputFileListPaths = (
			);
			inputPaths = (
				"${PODS_PODFILE_DIR_PATH}/Podfile.lock",
				"${PODS_ROOT}/Manifest.lock",
			);
			name = "[CP] Check Pods Manifest.lock";
			outputFileListPaths = (
			);
			outputPaths = (
				"$(DERIVED_FILE_DIR)/Pods-Parstagram-checkManifestLockResult.txt",
			);
			runOnlyForDeploymentPostprocessing = 0;
			shellPath = /bin/sh;
			shellScript = "diff \"${PODS_PODFILE_DIR_PATH}/Podfile.lock\" \"${PODS_ROOT}/Manifest.lock\" > /dev/null\nif [ $? != 0 ] ; then\n    # print error to STDERR\n    echo \"error: The sandbox is not in sync with the Podfile.lock. Run 'pod install' or update your CocoaPods installation.\" >&2\n    exit 1\nfi\n# This output is used by Xcode 'outputs' to avoid re-running this script phase.\necho \"SUCCESS\" > \"${SCRIPT_OUTPUT_FILE_0}\"\n";
			showEnvVarsInLog = 0;
		};
/* End PBXShellScriptBuildPhase section */

/* Begin PBXSourcesBuildPhase section */
		8E9CAA492236B2EB005F4690 /* Sources */ = {
			isa = PBXSourcesBuildPhase;
			buildActionMask = 2147483647;
			files = (
				8E66CD2B2236FB070097AF34 /* LoginViewController.swift in Sources */,
				8E66CD2F223718BF0097AF34 /* CameraViewController.swift in Sources */,
				8E9CAA532236B2EB005F4690 /* ViewController.swift in Sources */,
				8E66CD2D2236FB250097AF34 /* FeedViewController.swift in Sources */,
				8E9CAA512236B2EB005F4690 /* AppDelegate.swift in Sources */,
				8E2DAB5422515A4800AB4D67 /* PostCell.swift in Sources */,
			);
			runOnlyForDeploymentPostprocessing = 0;
		};
		8E9CAA5D2236B2ED005F4690 /* Sources */ = {
			isa = PBXSourcesBuildPhase;
			buildActionMask = 2147483647;
			files = (
				8E9CAA662236B2ED005F4690 /* ParstagramTests.swift in Sources */,
			);
			runOnlyForDeploymentPostprocessing = 0;
		};
		8E9CAA682236B2ED005F4690 /* Sources */ = {
			isa = PBXSourcesBuildPhase;
			buildActionMask = 2147483647;
			files = (
				8E9CAA712236B2ED005F4690 /* ParstagramUITests.swift in Sources */,
			);
			runOnlyForDeploymentPostprocessing = 0;
		};
/* End PBXSourcesBuildPhase section */

/* Begin PBXTargetDependency section */
		8E9CAA632236B2ED005F4690 /* PBXTargetDependency */ = {
			isa = PBXTargetDependency;
			target = 8E9CAA4C2236B2EB005F4690 /* Parstagram */;
			targetProxy = 8E9CAA622236B2ED005F4690 /* PBXContainerItemProxy */;
		};
		8E9CAA6E2236B2ED005F4690 /* PBXTargetDependency */ = {
			isa = PBXTargetDependency;
			target = 8E9CAA4C2236B2EB005F4690 /* Parstagram */;
			targetProxy = 8E9CAA6D2236B2ED005F4690 /* PBXContainerItemProxy */;
		};
/* End PBXTargetDependency section */

/* Begin PBXVariantGroup section */
		8E9CAA542236B2EB005F4690 /* Main.storyboard */ = {
			isa = PBXVariantGroup;
			children = (
				8E9CAA552236B2EB005F4690 /* Base */,
			);
			name = Main.storyboard;
			sourceTree = "<group>";
		};
		8E9CAA592236B2EC005F4690 /* LaunchScreen.storyboard */ = {
			isa = PBXVariantGroup;
			children = (
				8E9CAA5A2236B2EC005F4690 /* Base */,
			);
			name = LaunchScreen.storyboard;
			sourceTree = "<group>";
		};
/* End PBXVariantGroup section */

/* Begin XCBuildConfiguration section */
		8E9CAA732236B2ED005F4690 /* Debug */ = {
			isa = XCBuildConfiguration;
			buildSettings = {
				ALWAYS_SEARCH_USER_PATHS = NO;
				CLANG_ANALYZER_NONNULL = YES;
				CLANG_ANALYZER_NUMBER_OBJECT_CONVERSION = YES_AGGRESSIVE;
				CLANG_CXX_LANGUAGE_STANDARD = "gnu++14";
				CLANG_CXX_LIBRARY = "libc++";
				CLANG_ENABLE_MODULES = YES;
				CLANG_ENABLE_OBJC_ARC = YES;
				CLANG_ENABLE_OBJC_WEAK = YES;
				CLANG_WARN_BLOCK_CAPTURE_AUTORELEASING = YES;
				CLANG_WARN_BOOL_CONVERSION = YES;
				CLANG_WARN_COMMA = YES;
				CLANG_WARN_CONSTANT_CONVERSION = YES;
				CLANG_WARN_DEPRECATED_OBJC_IMPLEMENTATIONS = YES;
				CLANG_WARN_DIRECT_OBJC_ISA_USAGE = YES_ERROR;
				CLANG_WARN_DOCUMENTATION_COMMENTS = YES;
				CLANG_WARN_EMPTY_BODY = YES;
				CLANG_WARN_ENUM_CONVERSION = YES;
				CLANG_WARN_INFINITE_RECURSION = YES;
				CLANG_WARN_INT_CONVERSION = YES;
				CLANG_WARN_NON_LITERAL_NULL_CONVERSION = YES;
				CLANG_WARN_OBJC_IMPLICIT_RETAIN_SELF = YES;
				CLANG_WARN_OBJC_LITERAL_CONVERSION = YES;
				CLANG_WARN_OBJC_ROOT_CLASS = YES_ERROR;
				CLANG_WARN_RANGE_LOOP_ANALYSIS = YES;
				CLANG_WARN_STRICT_PROTOTYPES = YES;
				CLANG_WARN_SUSPICIOUS_MOVE = YES;
				CLANG_WARN_UNGUARDED_AVAILABILITY = YES_AGGRESSIVE;
				CLANG_WARN_UNREACHABLE_CODE = YES;
				CLANG_WARN__DUPLICATE_METHOD_MATCH = YES;
				CODE_SIGN_IDENTITY = "iPhone Developer";
				COPY_PHASE_STRIP = NO;
				DEBUG_INFORMATION_FORMAT = dwarf;
				ENABLE_STRICT_OBJC_MSGSEND = YES;
				ENABLE_TESTABILITY = YES;
				GCC_C_LANGUAGE_STANDARD = gnu11;
				GCC_DYNAMIC_NO_PIC = NO;
				GCC_NO_COMMON_BLOCKS = YES;
				GCC_OPTIMIZATION_LEVEL = 0;
				GCC_PREPROCESSOR_DEFINITIONS = (
					"DEBUG=1",
					"$(inherited)",
				);
				GCC_WARN_64_TO_32_BIT_CONVERSION = YES;
				GCC_WARN_ABOUT_RETURN_TYPE = YES_ERROR;
				GCC_WARN_UNDECLARED_SELECTOR = YES;
				GCC_WARN_UNINITIALIZED_AUTOS = YES_AGGRESSIVE;
				GCC_WARN_UNUSED_FUNCTION = YES;
				GCC_WARN_UNUSED_VARIABLE = YES;
				IPHONEOS_DEPLOYMENT_TARGET = 12.1;
				MTL_ENABLE_DEBUG_INFO = INCLUDE_SOURCE;
				MTL_FAST_MATH = YES;
				ONLY_ACTIVE_ARCH = YES;
				SDKROOT = iphoneos;
				SWIFT_ACTIVE_COMPILATION_CONDITIONS = DEBUG;
				SWIFT_OPTIMIZATION_LEVEL = "-Onone";
			};
			name = Debug;
		};
		8E9CAA742236B2ED005F4690 /* Release */ = {
			isa = XCBuildConfiguration;
			buildSettings = {
				ALWAYS_SEARCH_USER_PATHS = NO;
				CLANG_ANALYZER_NONNULL = YES;
				CLANG_ANALYZER_NUMBER_OBJECT_CONVERSION = YES_AGGRESSIVE;
				CLANG_CXX_LANGUAGE_STANDARD = "gnu++14";
				CLANG_CXX_LIBRARY = "libc++";
				CLANG_ENABLE_MODULES = YES;
				CLANG_ENABLE_OBJC_ARC = YES;
				CLANG_ENABLE_OBJC_WEAK = YES;
				CLANG_WARN_BLOCK_CAPTURE_AUTORELEASING = YES;
				CLANG_WARN_BOOL_CONVERSION = YES;
				CLANG_WARN_COMMA = YES;
				CLANG_WARN_CONSTANT_CONVERSION = YES;
				CLANG_WARN_DEPRECATED_OBJC_IMPLEMENTATIONS = YES;
				CLANG_WARN_DIRECT_OBJC_ISA_USAGE = YES_ERROR;
				CLANG_WARN_DOCUMENTATION_COMMENTS = YES;
				CLANG_WARN_EMPTY_BODY = YES;
				CLANG_WARN_ENUM_CONVERSION = YES;
				CLANG_WARN_INFINITE_RECURSION = YES;
				CLANG_WARN_INT_CONVERSION = YES;
				CLANG_WARN_NON_LITERAL_NULL_CONVERSION = YES;
				CLANG_WARN_OBJC_IMPLICIT_RETAIN_SELF = YES;
				CLANG_WARN_OBJC_LITERAL_CONVERSION = YES;
				CLANG_WARN_OBJC_ROOT_CLASS = YES_ERROR;
				CLANG_WARN_RANGE_LOOP_ANALYSIS = YES;
				CLANG_WARN_STRICT_PROTOTYPES = YES;
				CLANG_WARN_SUSPICIOUS_MOVE = YES;
				CLANG_WARN_UNGUARDED_AVAILABILITY = YES_AGGRESSIVE;
				CLANG_WARN_UNREACHABLE_CODE = YES;
				CLANG_WARN__DUPLICATE_METHOD_MATCH = YES;
				CODE_SIGN_IDENTITY = "iPhone Developer";
				COPY_PHASE_STRIP = NO;
				DEBUG_INFORMATION_FORMAT = "dwarf-with-dsym";
				ENABLE_NS_ASSERTIONS = NO;
				ENABLE_STRICT_OBJC_MSGSEND = YES;
				GCC_C_LANGUAGE_STANDARD = gnu11;
				GCC_NO_COMMON_BLOCKS = YES;
				GCC_WARN_64_TO_32_BIT_CONVERSION = YES;
				GCC_WARN_ABOUT_RETURN_TYPE = YES_ERROR;
				GCC_WARN_UNDECLARED_SELECTOR = YES;
				GCC_WARN_UNINITIALIZED_AUTOS = YES_AGGRESSIVE;
				GCC_WARN_UNUSED_FUNCTION = YES;
				GCC_WARN_UNUSED_VARIABLE = YES;
				IPHONEOS_DEPLOYMENT_TARGET = 12.1;
				MTL_ENABLE_DEBUG_INFO = NO;
				MTL_FAST_MATH = YES;
				SDKROOT = iphoneos;
				SWIFT_COMPILATION_MODE = wholemodule;
				SWIFT_OPTIMIZATION_LEVEL = "-O";
				VALIDATE_PRODUCT = YES;
			};
			name = Release;
		};
		8E9CAA762236B2ED005F4690 /* Debug */ = {
			isa = XCBuildConfiguration;
			baseConfigurationReference = 4CE75DD61C29A8B07AA6E35D /* Pods-Parstagram.debug.xcconfig */;
			buildSettings = {
				ASSETCATALOG_COMPILER_APPICON_NAME = AppIcon;
				CODE_SIGN_STYLE = Automatic;
				DEVELOPMENT_TEAM = 23DXUL7A5A;
				INFOPLIST_FILE = Parstagram/Info.plist;
				LD_RUNPATH_SEARCH_PATHS = (
					"$(inherited)",
					"@executable_path/Frameworks",
				);
				PRODUCT_BUNDLE_IDENTIFIER = com.williamkwon.Parstagram;
				PRODUCT_NAME = "$(TARGET_NAME)";
				SWIFT_VERSION = 4.2;
				TARGETED_DEVICE_FAMILY = "1,2";
			};
			name = Debug;
		};
		8E9CAA772236B2ED005F4690 /* Release */ = {
			isa = XCBuildConfiguration;
			baseConfigurationReference = F0B08CFEE38958E5EBDC6AAD /* Pods-Parstagram.release.xcconfig */;
			buildSettings = {
				ASSETCATALOG_COMPILER_APPICON_NAME = AppIcon;
				CODE_SIGN_STYLE = Automatic;
				DEVELOPMENT_TEAM = 23DXUL7A5A;
				INFOPLIST_FILE = Parstagram/Info.plist;
				LD_RUNPATH_SEARCH_PATHS = (
					"$(inherited)",
					"@executable_path/Frameworks",
				);
				PRODUCT_BUNDLE_IDENTIFIER = com.williamkwon.Parstagram;
				PRODUCT_NAME = "$(TARGET_NAME)";
				SWIFT_VERSION = 4.2;
				TARGETED_DEVICE_FAMILY = "1,2";
			};
			name = Release;
		};
		8E9CAA792236B2ED005F4690 /* Debug */ = {
			isa = XCBuildConfiguration;
			baseConfigurationReference = 6666703FE6695B443B9C9D42 /* Pods-ParstagramTests.debug.xcconfig */;
			buildSettings = {
				ALWAYS_EMBED_SWIFT_STANDARD_LIBRARIES = YES;
				BUNDLE_LOADER = "$(TEST_HOST)";
				CODE_SIGN_STYLE = Automatic;
				DEVELOPMENT_TEAM = 23DXUL7A5A;
				INFOPLIST_FILE = ParstagramTests/Info.plist;
				LD_RUNPATH_SEARCH_PATHS = (
					"$(inherited)",
					"@executable_path/Frameworks",
					"@loader_path/Frameworks",
				);
				PRODUCT_BUNDLE_IDENTIFIER = com.williamkwon.ParstagramTests;
				PRODUCT_NAME = "$(TARGET_NAME)";
				SWIFT_VERSION = 4.2;
				TARGETED_DEVICE_FAMILY = "1,2";
				TEST_HOST = "$(BUILT_PRODUCTS_DIR)/Parstagram.app/Parstagram";
			};
			name = Debug;
		};
		8E9CAA7A2236B2ED005F4690 /* Release */ = {
			isa = XCBuildConfiguration;
			baseConfigurationReference = 60FDBDC40D9CF6C8B934CB68 /* Pods-ParstagramTests.release.xcconfig */;
			buildSettings = {
				ALWAYS_EMBED_SWIFT_STANDARD_LIBRARIES = YES;
				BUNDLE_LOADER = "$(TEST_HOST)";
				CODE_SIGN_STYLE = Automatic;
				DEVELOPMENT_TEAM = 23DXUL7A5A;
				INFOPLIST_FILE = ParstagramTests/Info.plist;
				LD_RUNPATH_SEARCH_PATHS = (
					"$(inherited)",
					"@executable_path/Frameworks",
					"@loader_path/Frameworks",
				);
				PRODUCT_BUNDLE_IDENTIFIER = com.williamkwon.ParstagramTests;
				PRODUCT_NAME = "$(TARGET_NAME)";
				SWIFT_VERSION = 4.2;
				TARGETED_DEVICE_FAMILY = "1,2";
				TEST_HOST = "$(BUILT_PRODUCTS_DIR)/Parstagram.app/Parstagram";
			};
			name = Release;
		};
		8E9CAA7C2236B2ED005F4690 /* Debug */ = {
			isa = XCBuildConfiguration;
			baseConfigurationReference = AA732BD99176E4B8263C3CD7 /* Pods-ParstagramUITests.debug.xcconfig */;
			buildSettings = {
				ALWAYS_EMBED_SWIFT_STANDARD_LIBRARIES = YES;
				CODE_SIGN_STYLE = Automatic;
				DEVELOPMENT_TEAM = 23DXUL7A5A;
				INFOPLIST_FILE = ParstagramUITests/Info.plist;
				LD_RUNPATH_SEARCH_PATHS = (
					"$(inherited)",
					"@executable_path/Frameworks",
					"@loader_path/Frameworks",
				);
				PRODUCT_BUNDLE_IDENTIFIER = com.williamkwon.ParstagramUITests;
				PRODUCT_NAME = "$(TARGET_NAME)";
				SWIFT_VERSION = 4.2;
				TARGETED_DEVICE_FAMILY = "1,2";
				TEST_TARGET_NAME = Parstagram;
			};
			name = Debug;
		};
		8E9CAA7D2236B2ED005F4690 /* Release */ = {
			isa = XCBuildConfiguration;
			baseConfigurationReference = 2ECF9D5C171DB0E2929697E7 /* Pods-ParstagramUITests.release.xcconfig */;
			buildSettings = {
				ALWAYS_EMBED_SWIFT_STANDARD_LIBRARIES = YES;
				CODE_SIGN_STYLE = Automatic;
				DEVELOPMENT_TEAM = 23DXUL7A5A;
				INFOPLIST_FILE = ParstagramUITests/Info.plist;
				LD_RUNPATH_SEARCH_PATHS = (
					"$(inherited)",
					"@executable_path/Frameworks",
					"@loader_path/Frameworks",
				);
				PRODUCT_BUNDLE_IDENTIFIER = com.williamkwon.ParstagramUITests;
				PRODUCT_NAME = "$(TARGET_NAME)";
				SWIFT_VERSION = 4.2;
				TARGETED_DEVICE_FAMILY = "1,2";
				TEST_TARGET_NAME = Parstagram;
			};
			name = Release;
		};
/* End XCBuildConfiguration section */

/* Begin XCConfigurationList section */
		8E9CAA482236B2EB005F4690 /* Build configuration list for PBXProject "Parstagram" */ = {
			isa = XCConfigurationList;
			buildConfigurations = (
				8E9CAA732236B2ED005F4690 /* Debug */,
				8E9CAA742236B2ED005F4690 /* Release */,
			);
			defaultConfigurationIsVisible = 0;
			defaultConfigurationName = Release;
		};
		8E9CAA752236B2ED005F4690 /* Build configuration list for PBXNativeTarget "Parstagram" */ = {
			isa = XCConfigurationList;
			buildConfigurations = (
				8E9CAA762236B2ED005F4690 /* Debug */,
				8E9CAA772236B2ED005F4690 /* Release */,
			);
			defaultConfigurationIsVisible = 0;
			defaultConfigurationName = Release;
		};
		8E9CAA782236B2ED005F4690 /* Build configuration list for PBXNativeTarget "ParstagramTests" */ = {
			isa = XCConfigurationList;
			buildConfigurations = (
				8E9CAA792236B2ED005F4690 /* Debug */,
				8E9CAA7A2236B2ED005F4690 /* Release */,
			);
			defaultConfigurationIsVisible = 0;
			defaultConfigurationName = Release;
		};
		8E9CAA7B2236B2ED005F4690 /* Build configuration list for PBXNativeTarget "ParstagramUITests" */ = {
			isa = XCConfigurationList;
			buildConfigurations = (
				8E9CAA7C2236B2ED005F4690 /* Debug */,
				8E9CAA7D2236B2ED005F4690 /* Release */,
			);
			defaultConfigurationIsVisible = 0;
			defaultConfigurationName = Release;
		};
/* End XCConfigurationList section */
	};
	rootObject = 8E9CAA452236B2EB005F4690 /* Project object */;
}
